
Microsoft Visual Studio Solution File, Format Version 12.00
# Visual Studio Version 17
VisualStudioVersion = 17.0.31903.59
MinimumVisualStudioVersion = 10.0.40219.1
Project("{FAE04EC0-301F-11D3-BF4B-00C04F79EFBC}") = "PetTracker.API", "PetTracker.API\PetTracker.API.csproj", "{3F1A3E78-F9F1-4AE0-98F6-C3D1DFA67710}"
EndProject
Project("{FAE04EC0-301F-11D3-BF4B-00C04F79EFBC}") = "PetTracker.TEST", "PetTracker.TEST\PetTracker.TEST.csproj", "{CA2592A3-F94C-415B-BA08-A768ED5EB499}"
EndProject
Global
	GlobalSection(SolutionConfigurationPlatforms) = preSolution
		Debug|Any CPU = Debug|Any CPU
		Release|Any CPU = Release|Any CPU
	EndGlobalSection
	GlobalSection(SolutionProperties) = preSolution
		HideSolutionNode = FALSE
	EndGlobalSection
	GlobalSection(ProjectConfigurationPlatforms) = postSolution
		{3F1A3E78-F9F1-4AE0-98F6-C3D1DFA67710}.Debug|Any CPU.ActiveCfg = Debug|Any CPU
		{3F1A3E78-F9F1-4AE0-98F6-C3D1DFA67710}.Debug|Any CPU.Build.0 = Debug|Any CPU
		{3F1A3E78-F9F1-4AE0-98F6-C3D1DFA67710}.Release|Any CPU.ActiveCfg = Release|Any CPU
		{3F1A3E78-F9F1-4AE0-98F6-C3D1DFA67710}.Release|Any CPU.Build.0 = Release|Any CPU
		{CA2592A3-F94C-415B-BA08-A768ED5EB499}.Debug|Any CPU.ActiveCfg = Debug|Any CPU
		{CA2592A3-F94C-415B-BA08-A768ED5EB499}.Debug|Any CPU.Build.0 = Debug|Any CPU
		{CA2592A3-F94C-415B-BA08-A768ED5EB499}.Release|Any CPU.ActiveCfg = Release|Any CPU
		{CA2592A3-F94C-415B-BA08-A768ED5EB499}.Release|Any CPU.Build.0 = Release|Any CPU
	EndGlobalSection
EndGlobal
